
Microsoft Visual Studio Solution File, Format Version 12.00
# Visual Studio Version 17
VisualStudioVersion = 17.7.34202.233
MinimumVisualStudioVersion = 10.0.40219.1
Project("{FAE04EC0-301F-11D3-BF4B-00C04F79EFBC}") = "Echo", "Echo\Echo.csproj", "{8EEFF5DA-89C3-490C-90AF-27BA983DD20A}"
EndProject
Project("{FAE04EC0-301F-11D3-BF4B-00C04F79EFBC}") = "EchoClient", "EchoClient\EchoClient.csproj", "{7125B6A7-43DD-4B59-916F-1A3EBCA63010}"
	ProjectSection(ProjectDependencies) = postProject
		{8EEFF5DA-89C3-490C-90AF-27BA983DD20A} = {8EEFF5DA-89C3-490C-90AF-27BA983DD20A}
	EndProjectSection
EndProject
Project("{FAE04EC0-301F-11D3-BF4B-00C04F79EFBC}") = "Kviz", "Kviz\Kviz.csproj", "{532D5036-CF33-464D-9631-28777B2A8E86}"
EndProject
Project("{FAE04EC0-301F-11D3-BF4B-00C04F79EFBC}") = "KvizClient", "KvizClient\KvizClient.csproj", "{1BE5EDBB-FCED-4B6D-8276-68FAD00E1A43}"
	ProjectSection(ProjectDependencies) = postProject
		{532D5036-CF33-464D-9631-28777B2A8E86} = {532D5036-CF33-464D-9631-28777B2A8E86}
	EndProjectSection
EndProject
Project("{FAE04EC0-301F-11D3-BF4B-00C04F79EFBC}") = "MQTTBroker", "MQTTBroker\MQTTBroker.csproj", "{65BB4E72-EABA-4B05-88F9-1E738B4C9742}"
EndProject
Project("{FAE04EC0-301F-11D3-BF4B-00C04F79EFBC}") = "MQTTBrokerClient", "MQTTBrokerClient\MQTTBrokerClient.csproj", "{05BFBE2E-A9A6-4035-A499-A83982185F8C}"
	ProjectSection(ProjectDependencies) = postProject
		{65BB4E72-EABA-4B05-88F9-1E738B4C9742} = {65BB4E72-EABA-4B05-88F9-1E738B4C9742}
	EndProjectSection
EndProject
Project("{FAE04EC0-301F-11D3-BF4B-00C04F79EFBC}") = "ZakupSkladista", "ZakupSkladista\ZakupSkladista.csproj", "{361C0767-CE94-4A19-B4D0-B5FB0C15B082}"
EndProject
Project("{FAE04EC0-301F-11D3-BF4B-00C04F79EFBC}") = "ZakupSkladistaClient", "ZakupSkladistaClient\ZakupSkladistaClient.csproj", "{945B5103-DC07-4AB5-9901-DF7202789161}"
	ProjectSection(ProjectDependencies) = postProject
		{361C0767-CE94-4A19-B4D0-B5FB0C15B082} = {361C0767-CE94-4A19-B4D0-B5FB0C15B082}
	EndProjectSection
EndProject
Project("{2150E333-8FDC-42A3-9474-1A3956D46DE8}") = "Jun_24", "Jun_24", "{4AFCFB3E-1C14-4B9A-8177-6143F042F042}"
EndProject
Project("{2150E333-8FDC-42A3-9474-1A3956D46DE8}") = "Jun2_24", "Jun2_24", "{7D7FFD32-D47D-4F0E-9E9C-FCD44447FB77}"
EndProject
Project("{FAE04EC0-301F-11D3-BF4B-00C04F79EFBC}") = "RegistracijaVozila", "RegistracijaVozila\RegistracijaVozila.csproj", "{3C4CFC4B-EBBA-4B62-9095-CB7F1EA56F11}"
EndProject
Project("{FAE04EC0-301F-11D3-BF4B-00C04F79EFBC}") = "RegistracijaVozilaClient", "RegistracijaVozilaClient\RegistracijaVozilaClient.csproj", "{0351741C-8955-4675-AA27-C9A72E7D6DEE}"
	ProjectSection(ProjectDependencies) = postProject
		{3C4CFC4B-EBBA-4B62-9095-CB7F1EA56F11} = {3C4CFC4B-EBBA-4B62-9095-CB7F1EA56F11}
	EndProjectSection
EndProject
Project("{2150E333-8FDC-42A3-9474-1A3956D46DE8}") = "EchoExample", "EchoExample", "{B8045352-4576-47DE-A231-70B850CCF1F4}"
EndProject
Project("{2150E333-8FDC-42A3-9474-1A3956D46DE8}") = "LabKviz", "LabKviz", "{E876EB16-402A-486D-81AA-E299A5B60025}"
EndProject
Project("{2150E333-8FDC-42A3-9474-1A3956D46DE8}") = "MQTTBrokerExample", "MQTTBrokerExample", "{1B9E9C3A-BABA-48C5-B97C-FFD44C4E08D8}"
EndProject
Project("{2150E333-8FDC-42A3-9474-1A3956D46DE8}") = "Oktobar2_23", "Oktobar2_23", "{F6D21F64-A626-4F4D-8667-68C62E6FD8CC}"
EndProject
Project("{FAE04EC0-301F-11D3-BF4B-00C04F79EFBC}") = "MatricnaIzracunavanja", "MatricnaIzracunavanja\MatricnaIzracunavanja.csproj", "{CEA203C6-A8C1-4457-B149-59DFBCA339CE}"
EndProject
Project("{FAE04EC0-301F-11D3-BF4B-00C04F79EFBC}") = "MatricnaIzracunavanjaClient", "MatricnaIzracunavanjaClient\MatricnaIzracunavanjaClient.csproj", "{9A9157D7-18A4-4467-81C3-3AC53CBC4CE0}"
	ProjectSection(ProjectDependencies) = postProject
		{CEA203C6-A8C1-4457-B149-59DFBCA339CE} = {CEA203C6-A8C1-4457-B149-59DFBCA339CE}
	EndProjectSection
EndProject
Project("{2150E333-8FDC-42A3-9474-1A3956D46DE8}") = "Jun_23", "Jun_23", "{024EFDBE-E177-456D-B1C3-4A9399FBEA91}"
EndProject
Project("{FAE04EC0-301F-11D3-BF4B-00C04F79EFBC}") = "Chat", "Chat\Chat.csproj", "{9762CE59-DEC4-4EEE-BB80-5A1333CA8291}"
EndProject
Project("{FAE04EC0-301F-11D3-BF4B-00C04F79EFBC}") = "ChatClient", "ChatClient\ChatClient.csproj", "{97A0A0A4-9EE3-4A2D-AF1F-3F0CB959BE00}"
	ProjectSection(ProjectDependencies) = postProject
		{9762CE59-DEC4-4EEE-BB80-5A1333CA8291} = {9762CE59-DEC4-4EEE-BB80-5A1333CA8291}
	EndProjectSection
EndProject
Project("{2150E333-8FDC-42A3-9474-1A3956D46DE8}") = "Jun2_23", "Jun2_23", "{0A928AD4-2D44-4B3D-8C17-C2ECA0214293}"
EndProject
Project("{FAE04EC0-301F-11D3-BF4B-00C04F79EFBC}") = "RegistracijaParcela", "RegistracijaParcela\RegistracijaParcela.csproj", "{BE78A88E-A9E7-4ED8-835D-23A1A6FC43B9}"
EndProject
Project("{FAE04EC0-301F-11D3-BF4B-00C04F79EFBC}") = "RegistracijaParcelaClient", "RegistracijaParcelaClient\RegistracijaParcelaClient.csproj", "{5BE6AD91-BA77-4D75-BCD8-7EDDC8322BF1}"
	ProjectSection(ProjectDependencies) = postProject
		{BE78A88E-A9E7-4ED8-835D-23A1A6FC43B9} = {BE78A88E-A9E7-4ED8-835D-23A1A6FC43B9}
	EndProjectSection
EndProject
Project("{2150E333-8FDC-42A3-9474-1A3956D46DE8}") = "EchoCallbackExample", "EchoCallbackExample", "{33CB7718-548E-4E17-A741-B2112B2369EF}"
EndProject
Project("{FAE04EC0-301F-11D3-BF4B-00C04F79EFBC}") = "EchoCallback", "EchoCallback\EchoCallback.csproj", "{91BADA0D-D8F2-4BAB-98D6-E0EE08F26AF7}"
EndProject
Project("{FAE04EC0-301F-11D3-BF4B-00C04F79EFBC}") = "EchoCallbackClient", "EchoCallbackClient\EchoCallbackClient.csproj", "{58ADDD72-E5B1-4BB2-91CF-36F034944D87}"
	ProjectSection(ProjectDependencies) = postProject
		{91BADA0D-D8F2-4BAB-98D6-E0EE08F26AF7} = {91BADA0D-D8F2-4BAB-98D6-E0EE08F26AF7}
	EndProjectSection
EndProject
Global
	GlobalSection(SolutionConfigurationPlatforms) = preSolution
		Debug|Any CPU = Debug|Any CPU
		Release|Any CPU = Release|Any CPU
	EndGlobalSection
	GlobalSection(ProjectConfigurationPlatforms) = postSolution
		{8EEFF5DA-89C3-490C-90AF-27BA983DD20A}.Debug|Any CPU.ActiveCfg = Debug|Any CPU
		{8EEFF5DA-89C3-490C-90AF-27BA983DD20A}.Debug|Any CPU.Build.0 = Debug|Any CPU
		{8EEFF5DA-89C3-490C-90AF-27BA983DD20A}.Release|Any CPU.ActiveCfg = Release|Any CPU
		{8EEFF5DA-89C3-490C-90AF-27BA983DD20A}.Release|Any CPU.Build.0 = Release|Any CPU
		{7125B6A7-43DD-4B59-916F-1A3EBCA63010}.Debug|Any CPU.ActiveCfg = Debug|Any CPU
		{7125B6A7-43DD-4B59-916F-1A3EBCA63010}.Debug|Any CPU.Build.0 = Debug|Any CPU
		{7125B6A7-43DD-4B59-916F-1A3EBCA63010}.Release|Any CPU.ActiveCfg = Release|Any CPU
		{7125B6A7-43DD-4B59-916F-1A3EBCA63010}.Release|Any CPU.Build.0 = Release|Any CPU
		{532D5036-CF33-464D-9631-28777B2A8E86}.Debug|Any CPU.ActiveCfg = Debug|Any CPU
		{532D5036-CF33-464D-9631-28777B2A8E86}.Debug|Any CPU.Build.0 = Debug|Any CPU
		{532D5036-CF33-464D-9631-28777B2A8E86}.Release|Any CPU.ActiveCfg = Release|Any CPU
		{532D5036-CF33-464D-9631-28777B2A8E86}.Release|Any CPU.Build.0 = Release|Any CPU
		{1BE5EDBB-FCED-4B6D-8276-68FAD00E1A43}.Debug|Any CPU.ActiveCfg = Debug|Any CPU
		{1BE5EDBB-FCED-4B6D-8276-68FAD00E1A43}.Debug|Any CPU.Build.0 = Debug|Any CPU
		{1BE5EDBB-FCED-4B6D-8276-68FAD00E1A43}.Release|Any CPU.ActiveCfg = Release|Any CPU
		{1BE5EDBB-FCED-4B6D-8276-68FAD00E1A43}.Release|Any CPU.Build.0 = Release|Any CPU
		{65BB4E72-EABA-4B05-88F9-1E738B4C9742}.Debug|Any CPU.ActiveCfg = Debug|Any CPU
		{65BB4E72-EABA-4B05-88F9-1E738B4C9742}.Debug|Any CPU.Build.0 = Debug|Any CPU
		{65BB4E72-EABA-4B05-88F9-1E738B4C9742}.Release|Any CPU.ActiveCfg = Release|Any CPU
		{65BB4E72-EABA-4B05-88F9-1E738B4C9742}.Release|Any CPU.Build.0 = Release|Any CPU
		{05BFBE2E-A9A6-4035-A499-A83982185F8C}.Debug|Any CPU.ActiveCfg = Debug|Any CPU
		{05BFBE2E-A9A6-4035-A499-A83982185F8C}.Debug|Any CPU.Build.0 = Debug|Any CPU
		{05BFBE2E-A9A6-4035-A499-A83982185F8C}.Release|Any CPU.ActiveCfg = Release|Any CPU
		{05BFBE2E-A9A6-4035-A499-A83982185F8C}.Release|Any CPU.Build.0 = Release|Any CPU
		{361C0767-CE94-4A19-B4D0-B5FB0C15B082}.Debug|Any CPU.ActiveCfg = Debug|Any CPU
		{361C0767-CE94-4A19-B4D0-B5FB0C15B082}.Debug|Any CPU.Build.0 = Debug|Any CPU
		{361C0767-CE94-4A19-B4D0-B5FB0C15B082}.Release|Any CPU.ActiveCfg = Release|Any CPU
		{361C0767-CE94-4A19-B4D0-B5FB0C15B082}.Release|Any CPU.Build.0 = Release|Any CPU
		{945B5103-DC07-4AB5-9901-DF7202789161}.Debug|Any CPU.ActiveCfg = Debug|Any CPU
		{945B5103-DC07-4AB5-9901-DF7202789161}.Debug|Any CPU.Build.0 = Debug|Any CPU
		{945B5103-DC07-4AB5-9901-DF7202789161}.Release|Any CPU.ActiveCfg = Release|Any CPU
		{945B5103-DC07-4AB5-9901-DF7202789161}.Release|Any CPU.Build.0 = Release|Any CPU
		{3C4CFC4B-EBBA-4B62-9095-CB7F1EA56F11}.Debug|Any CPU.ActiveCfg = Debug|Any CPU
		{3C4CFC4B-EBBA-4B62-9095-CB7F1EA56F11}.Debug|Any CPU.Build.0 = Debug|Any CPU
		{3C4CFC4B-EBBA-4B62-9095-CB7F1EA56F11}.Release|Any CPU.ActiveCfg = Release|Any CPU
		{3C4CFC4B-EBBA-4B62-9095-CB7F1EA56F11}.Release|Any CPU.Build.0 = Release|Any CPU
		{0351741C-8955-4675-AA27-C9A72E7D6DEE}.Debug|Any CPU.ActiveCfg = Debug|Any CPU
		{0351741C-8955-4675-AA27-C9A72E7D6DEE}.Debug|Any CPU.Build.0 = Debug|Any CPU
		{0351741C-8955-4675-AA27-C9A72E7D6DEE}.Release|Any CPU.ActiveCfg = Release|Any CPU
		{0351741C-8955-4675-AA27-C9A72E7D6DEE}.Release|Any CPU.Build.0 = Release|Any CPU
		{CEA203C6-A8C1-4457-B149-59DFBCA339CE}.Debug|Any CPU.ActiveCfg = Debug|Any CPU
		{CEA203C6-A8C1-4457-B149-59DFBCA339CE}.Debug|Any CPU.Build.0 = Debug|Any CPU
		{CEA203C6-A8C1-4457-B149-59DFBCA339CE}.Release|Any CPU.ActiveCfg = Release|Any CPU
		{CEA203C6-A8C1-4457-B149-59DFBCA339CE}.Release|Any CPU.Build.0 = Release|Any CPU
		{9A9157D7-18A4-4467-81C3-3AC53CBC4CE0}.Debug|Any CPU.ActiveCfg = Debug|Any CPU
		{9A9157D7-18A4-4467-81C3-3AC53CBC4CE0}.Debug|Any CPU.Build.0 = Debug|Any CPU
		{9A9157D7-18A4-4467-81C3-3AC53CBC4CE0}.Release|Any CPU.ActiveCfg = Release|Any CPU
		{9A9157D7-18A4-4467-81C3-3AC53CBC4CE0}.Release|Any CPU.Build.0 = Release|Any CPU
		{9762CE59-DEC4-4EEE-BB80-5A1333CA8291}.Debug|Any CPU.ActiveCfg = Debug|Any CPU
		{9762CE59-DEC4-4EEE-BB80-5A1333CA8291}.Debug|Any CPU.Build.0 = Debug|Any CPU
		{9762CE59-DEC4-4EEE-BB80-5A1333CA8291}.Release|Any CPU.ActiveCfg = Release|Any CPU
		{9762CE59-DEC4-4EEE-BB80-5A1333CA8291}.Release|Any CPU.Build.0 = Release|Any CPU
		{97A0A0A4-9EE3-4A2D-AF1F-3F0CB959BE00}.Debug|Any CPU.ActiveCfg = Debug|Any CPU
		{97A0A0A4-9EE3-4A2D-AF1F-3F0CB959BE00}.Debug|Any CPU.Build.0 = Debug|Any CPU
		{97A0A0A4-9EE3-4A2D-AF1F-3F0CB959BE00}.Release|Any CPU.ActiveCfg = Release|Any CPU
		{97A0A0A4-9EE3-4A2D-AF1F-3F0CB959BE00}.Release|Any CPU.Build.0 = Release|Any CPU
		{BE78A88E-A9E7-4ED8-835D-23A1A6FC43B9}.Debug|Any CPU.ActiveCfg = Debug|Any CPU
		{BE78A88E-A9E7-4ED8-835D-23A1A6FC43B9}.Debug|Any CPU.Build.0 = Debug|Any CPU
		{BE78A88E-A9E7-4ED8-835D-23A1A6FC43B9}.Release|Any CPU.ActiveCfg = Release|Any CPU
		{BE78A88E-A9E7-4ED8-835D-23A1A6FC43B9}.Release|Any CPU.Build.0 = Release|Any CPU
		{5BE6AD91-BA77-4D75-BCD8-7EDDC8322BF1}.Debug|Any CPU.ActiveCfg = Debug|Any CPU
		{5BE6AD91-BA77-4D75-BCD8-7EDDC8322BF1}.Debug|Any CPU.Build.0 = Debug|Any CPU
		{5BE6AD91-BA77-4D75-BCD8-7EDDC8322BF1}.Release|Any CPU.ActiveCfg = Release|Any CPU
		{5BE6AD91-BA77-4D75-BCD8-7EDDC8322BF1}.Release|Any CPU.Build.0 = Release|Any CPU
		{91BADA0D-D8F2-4BAB-98D6-E0EE08F26AF7}.Debug|Any CPU.ActiveCfg = Debug|Any CPU
		{91BADA0D-D8F2-4BAB-98D6-E0EE08F26AF7}.Debug|Any CPU.Build.0 = Debug|Any CPU
		{91BADA0D-D8F2-4BAB-98D6-E0EE08F26AF7}.Release|Any CPU.ActiveCfg = Release|Any CPU
		{91BADA0D-D8F2-4BAB-98D6-E0EE08F26AF7}.Release|Any CPU.Build.0 = Release|Any CPU
		{58ADDD72-E5B1-4BB2-91CF-36F034944D87}.Debug|Any CPU.ActiveCfg = Debug|Any CPU
		{58ADDD72-E5B1-4BB2-91CF-36F034944D87}.Debug|Any CPU.Build.0 = Debug|Any CPU
		{58ADDD72-E5B1-4BB2-91CF-36F034944D87}.Release|Any CPU.ActiveCfg = Release|Any CPU
		{58ADDD72-E5B1-4BB2-91CF-36F034944D87}.Release|Any CPU.Build.0 = Release|Any CPU
	EndGlobalSection
	GlobalSection(SolutionProperties) = preSolution
		HideSolutionNode = FALSE
	EndGlobalSection
	GlobalSection(NestedProjects) = preSolution
		{8EEFF5DA-89C3-490C-90AF-27BA983DD20A} = {B8045352-4576-47DE-A231-70B850CCF1F4}
		{7125B6A7-43DD-4B59-916F-1A3EBCA63010} = {B8045352-4576-47DE-A231-70B850CCF1F4}
		{532D5036-CF33-464D-9631-28777B2A8E86} = {E876EB16-402A-486D-81AA-E299A5B60025}
		{1BE5EDBB-FCED-4B6D-8276-68FAD00E1A43} = {E876EB16-402A-486D-81AA-E299A5B60025}
		{65BB4E72-EABA-4B05-88F9-1E738B4C9742} = {1B9E9C3A-BABA-48C5-B97C-FFD44C4E08D8}
		{05BFBE2E-A9A6-4035-A499-A83982185F8C} = {1B9E9C3A-BABA-48C5-B97C-FFD44C4E08D8}
		{361C0767-CE94-4A19-B4D0-B5FB0C15B082} = {4AFCFB3E-1C14-4B9A-8177-6143F042F042}
		{945B5103-DC07-4AB5-9901-DF7202789161} = {4AFCFB3E-1C14-4B9A-8177-6143F042F042}
		{3C4CFC4B-EBBA-4B62-9095-CB7F1EA56F11} = {7D7FFD32-D47D-4F0E-9E9C-FCD44447FB77}
		{0351741C-8955-4675-AA27-C9A72E7D6DEE} = {7D7FFD32-D47D-4F0E-9E9C-FCD44447FB77}
		{CEA203C6-A8C1-4457-B149-59DFBCA339CE} = {F6D21F64-A626-4F4D-8667-68C62E6FD8CC}
		{9A9157D7-18A4-4467-81C3-3AC53CBC4CE0} = {F6D21F64-A626-4F4D-8667-68C62E6FD8CC}
		{9762CE59-DEC4-4EEE-BB80-5A1333CA8291} = {024EFDBE-E177-456D-B1C3-4A9399FBEA91}
		{97A0A0A4-9EE3-4A2D-AF1F-3F0CB959BE00} = {024EFDBE-E177-456D-B1C3-4A9399FBEA91}
		{BE78A88E-A9E7-4ED8-835D-23A1A6FC43B9} = {0A928AD4-2D44-4B3D-8C17-C2ECA0214293}
		{5BE6AD91-BA77-4D75-BCD8-7EDDC8322BF1} = {0A928AD4-2D44-4B3D-8C17-C2ECA0214293}
		{91BADA0D-D8F2-4BAB-98D6-E0EE08F26AF7} = {33CB7718-548E-4E17-A741-B2112B2369EF}
		{58ADDD72-E5B1-4BB2-91CF-36F034944D87} = {33CB7718-548E-4E17-A741-B2112B2369EF}
	EndGlobalSection
	GlobalSection(ExtensibilityGlobals) = postSolution
		SolutionGuid = {6FCD0323-8689-4570-A21C-2A032ABD9456}
	EndGlobalSection
EndGlobal
